
Microsoft Visual Studio Solution File, Format Version 12.00
# Visual Studio Version 16
VisualStudioVersion = 16.0.30907.101
MinimumVisualStudioVersion = 10.0.40219.1
Project("{FAE04EC0-301F-11D3-BF4B-00C04F79EFBC}") = "Final", "Final\Final.csproj", "{C18ACA65-0CB6-4868-A535-C86380D8AC1A}"
EndProject
Global
	GlobalSection(SolutionConfigurationPlatforms) = preSolution
		Debug|Any CPU = Debug|Any CPU
		Release|Any CPU = Release|Any CPU
	EndGlobalSection
	GlobalSection(ProjectConfigurationPlatforms) = postSolution
		{C18ACA65-0CB6-4868-A535-C86380D8AC1A}.Debug|Any CPU.ActiveCfg = Debug|Any CPU
		{C18ACA65-0CB6-4868-A535-C86380D8AC1A}.Debug|Any CPU.Build.0 = Debug|Any CPU
		{C18ACA65-0CB6-4868-A535-C86380D8AC1A}.Release|Any CPU.ActiveCfg = Release|Any CPU
		{C18ACA65-0CB6-4868-A535-C86380D8AC1A}.Release|Any CPU.Build.0 = Release|Any CPU
	EndGlobalSection
	GlobalSection(SolutionProperties) = preSolution
		HideSolutionNode = FALSE
	EndGlobalSection
	GlobalSection(ExtensibilityGlobals) = postSolution
		SolutionGuid = {F48707BC-E4B4-4B62-A904-E0DF52F09089}
	EndGlobalSection
EndGlobal
